
Microsoft Visual Studio Solution File, Format Version 12.00
# Visual Studio 14
VisualStudioVersion = 14.0.23107.0
MinimumVisualStudioVersion = 10.0.40219.1
Project("{FAE04EC0-301F-11D3-BF4B-00C04F79EFBC}") = "XamBorders", "XamBorders\XamBorders\XamBorders.csproj", "{FF72397C-530C-4E80-BEB2-36D6EDC36E8A}"
EndProject
Project("{FAE04EC0-301F-11D3-BF4B-00C04F79EFBC}") = "XamBorders.iOS", "XamBorders\XamBorders.iOS\XamBorders.iOS.csproj", "{C7748E9F-C69F-494A-AFFE-5B6A26DBA6D1}"
EndProject
Project("{FAE04EC0-301F-11D3-BF4B-00C04F79EFBC}") = "XamBorders.Droid", "XamBorders\XamBorders.Droid\XamBorders.Droid.csproj", "{44F6CCAD-7D65-4261-B93B-4F23B4F03168}"
EndProject
Project("{FAE04EC0-301F-11D3-BF4B-00C04F79EFBC}") = "XamBorders.WinPhone", "XamBorders\XamBorders.WinPhone\XamBorders.WinPhone.csproj", "{24A44FE1-0357-4545-ADD9-A2962509FFBB}"
EndProject
Global
	GlobalSection(SolutionConfigurationPlatforms) = preSolution
		Ad-Hoc|Any CPU = Ad-Hoc|Any CPU
		Ad-Hoc|ARM = Ad-Hoc|ARM
		Ad-Hoc|iPhone = Ad-Hoc|iPhone
		Ad-Hoc|iPhoneSimulator = Ad-Hoc|iPhoneSimulator
		Ad-Hoc|x86 = Ad-Hoc|x86
		AppStore|Any CPU = AppStore|Any CPU
		AppStore|ARM = AppStore|ARM
		AppStore|iPhone = AppStore|iPhone
		AppStore|iPhoneSimulator = AppStore|iPhoneSimulator
		AppStore|x86 = AppStore|x86
		Debug|Any CPU = Debug|Any CPU
		Debug|ARM = Debug|ARM
		Debug|iPhone = Debug|iPhone
		Debug|iPhoneSimulator = Debug|iPhoneSimulator
		Debug|x86 = Debug|x86
		Release|Any CPU = Release|Any CPU
		Release|ARM = Release|ARM
		Release|iPhone = Release|iPhone
		Release|iPhoneSimulator = Release|iPhoneSimulator
		Release|x86 = Release|x86
	EndGlobalSection
	GlobalSection(ProjectConfigurationPlatforms) = postSolution
		{FF72397C-530C-4E80-BEB2-36D6EDC36E8A}.Ad-Hoc|Any CPU.ActiveCfg = Release|Any CPU
		{FF72397C-530C-4E80-BEB2-36D6EDC36E8A}.Ad-Hoc|Any CPU.Build.0 = Release|Any CPU
		{FF72397C-530C-4E80-BEB2-36D6EDC36E8A}.Ad-Hoc|ARM.ActiveCfg = Release|Any CPU
		{FF72397C-530C-4E80-BEB2-36D6EDC36E8A}.Ad-Hoc|ARM.Build.0 = Release|Any CPU
		{FF72397C-530C-4E80-BEB2-36D6EDC36E8A}.Ad-Hoc|iPhone.ActiveCfg = Release|Any CPU
		{FF72397C-530C-4E80-BEB2-36D6EDC36E8A}.Ad-Hoc|iPhone.Build.0 = Release|Any CPU
		{FF72397C-530C-4E80-BEB2-36D6EDC36E8A}.Ad-Hoc|iPhoneSimulator.ActiveCfg = Release|Any CPU
		{FF72397C-530C-4E80-BEB2-36D6EDC36E8A}.Ad-Hoc|iPhoneSimulator.Build.0 = Release|Any CPU
		{FF72397C-530C-4E80-BEB2-36D6EDC36E8A}.Ad-Hoc|x86.ActiveCfg = Release|Any CPU
		{FF72397C-530C-4E80-BEB2-36D6EDC36E8A}.Ad-Hoc|x86.Build.0 = Release|Any CPU
		{FF72397C-530C-4E80-BEB2-36D6EDC36E8A}.AppStore|Any CPU.ActiveCfg = Release|Any CPU
		{FF72397C-530C-4E80-BEB2-36D6EDC36E8A}.AppStore|Any CPU.Build.0 = Release|Any CPU
		{FF72397C-530C-4E80-BEB2-36D6EDC36E8A}.AppStore|ARM.ActiveCfg = Release|Any CPU
		{FF72397C-530C-4E80-BEB2-36D6EDC36E8A}.AppStore|ARM.Build.0 = Release|Any CPU
		{FF72397C-530C-4E80-BEB2-36D6EDC36E8A}.AppStore|iPhone.ActiveCfg = Release|Any CPU
		{FF72397C-530C-4E80-BEB2-36D6EDC36E8A}.AppStore|iPhone.Build.0 = Release|Any CPU
		{FF72397C-530C-4E80-BEB2-36D6EDC36E8A}.AppStore|iPhoneSimulator.ActiveCfg = Release|Any CPU
		{FF72397C-530C-4E80-BEB2-36D6EDC36E8A}.AppStore|iPhoneSimulator.Build.0 = Release|Any CPU
		{FF72397C-530C-4E80-BEB2-36D6EDC36E8A}.AppStore|x86.ActiveCfg = Release|Any CPU
		{FF72397C-530C-4E80-BEB2-36D6EDC36E8A}.AppStore|x86.Build.0 = Release|Any CPU
		{FF72397C-530C-4E80-BEB2-36D6EDC36E8A}.Debug|Any CPU.ActiveCfg = Debug|Any CPU
		{FF72397C-530C-4E80-BEB2-36D6EDC36E8A}.Debug|Any CPU.Build.0 = Debug|Any CPU
		{FF72397C-530C-4E80-BEB2-36D6EDC36E8A}.Debug|ARM.ActiveCfg = Debug|Any CPU
		{FF72397C-530C-4E80-BEB2-36D6EDC36E8A}.Debug|ARM.Build.0 = Debug|Any CPU
		{FF72397C-530C-4E80-BEB2-36D6EDC36E8A}.Debug|iPhone.ActiveCfg = Debug|Any CPU
		{FF72397C-530C-4E80-BEB2-36D6EDC36E8A}.Debug|iPhone.Build.0 = Debug|Any CPU
		{FF72397C-530C-4E80-BEB2-36D6EDC36E8A}.Debug|iPhoneSimulator.ActiveCfg = Debug|Any CPU
		{FF72397C-530C-4E80-BEB2-36D6EDC36E8A}.Debug|iPhoneSimulator.Build.0 = Debug|Any CPU
		{FF72397C-530C-4E80-BEB2-36D6EDC36E8A}.Debug|x86.ActiveCfg = Debug|Any CPU
		{FF72397C-530C-4E80-BEB2-36D6EDC36E8A}.Debug|x86.Build.0 = Debug|Any CPU
		{FF72397C-530C-4E80-BEB2-36D6EDC36E8A}.Release|Any CPU.ActiveCfg = Release|Any CPU
		{FF72397C-530C-4E80-BEB2-36D6EDC36E8A}.Release|Any CPU.Build.0 = Release|Any CPU
		{FF72397C-530C-4E80-BEB2-36D6EDC36E8A}.Release|ARM.ActiveCfg = Release|Any CPU
		{FF72397C-530C-4E80-BEB2-36D6EDC36E8A}.Release|ARM.Build.0 = Release|Any CPU
		{FF72397C-530C-4E80-BEB2-36D6EDC36E8A}.Release|iPhone.ActiveCfg = Release|Any CPU
		{FF72397C-530C-4E80-BEB2-36D6EDC36E8A}.Release|iPhone.Build.0 = Release|Any CPU
		{FF72397C-530C-4E80-BEB2-36D6EDC36E8A}.Release|iPhoneSimulator.ActiveCfg = Release|Any CPU
		{FF72397C-530C-4E80-BEB2-36D6EDC36E8A}.Release|iPhoneSimulator.Build.0 = Release|Any CPU
		{FF72397C-530C-4E80-BEB2-36D6EDC36E8A}.Release|x86.ActiveCfg = Release|Any CPU
		{FF72397C-530C-4E80-BEB2-36D6EDC36E8A}.Release|x86.Build.0 = Release|Any CPU
		{C7748E9F-C69F-494A-AFFE-5B6A26DBA6D1}.Ad-Hoc|Any CPU.ActiveCfg = Ad-Hoc|iPhone
		{C7748E9F-C69F-494A-AFFE-5B6A26DBA6D1}.Ad-Hoc|ARM.ActiveCfg = Ad-Hoc|iPhone
		{C7748E9F-C69F-494A-AFFE-5B6A26DBA6D1}.Ad-Hoc|iPhone.ActiveCfg = Ad-Hoc|iPhone
		{C7748E9F-C69F-494A-AFFE-5B6A26DBA6D1}.Ad-Hoc|iPhone.Build.0 = Ad-Hoc|iPhone
		{C7748E9F-C69F-494A-AFFE-5B6A26DBA6D1}.Ad-Hoc|iPhoneSimulator.ActiveCfg = Ad-Hoc|iPhoneSimulator
		{C7748E9F-C69F-494A-AFFE-5B6A26DBA6D1}.Ad-Hoc|iPhoneSimulator.Build.0 = Ad-Hoc|iPhoneSimulator
		{C7748E9F-C69F-494A-AFFE-5B6A26DBA6D1}.Ad-Hoc|x86.ActiveCfg = Ad-Hoc|iPhone
		{C7748E9F-C69F-494A-AFFE-5B6A26DBA6D1}.AppStore|Any CPU.ActiveCfg = AppStore|iPhone
		{C7748E9F-C69F-494A-AFFE-5B6A26DBA6D1}.AppStore|ARM.ActiveCfg = AppStore|iPhone
		{C7748E9F-C69F-494A-AFFE-5B6A26DBA6D1}.AppStore|iPhone.ActiveCfg = AppStore|iPhone
		{C7748E9F-C69F-494A-AFFE-5B6A26DBA6D1}.AppStore|iPhone.Build.0 = AppStore|iPhone
		{C7748E9F-C69F-494A-AFFE-5B6A26DBA6D1}.AppStore|iPhoneSimulator.ActiveCfg = AppStore|iPhoneSimulator
		{C7748E9F-C69F-494A-AFFE-5B6A26DBA6D1}.AppStore|iPhoneSimulator.Build.0 = AppStore|iPhoneSimulator
		{C7748E9F-C69F-494A-AFFE-5B6A26DBA6D1}.AppStore|x86.ActiveCfg = AppStore|iPhone
		{C7748E9F-C69F-494A-AFFE-5B6A26DBA6D1}.Debug|Any CPU.ActiveCfg = Debug|iPhone
		{C7748E9F-C69F-494A-AFFE-5B6A26DBA6D1}.Debug|ARM.ActiveCfg = Debug|iPhone
		{C7748E9F-C69F-494A-AFFE-5B6A26DBA6D1}.Debug|iPhone.ActiveCfg = Debug|iPhone
		{C7748E9F-C69F-494A-AFFE-5B6A26DBA6D1}.Debug|iPhone.Build.0 = Debug|iPhone
		{C7748E9F-C69F-494A-AFFE-5B6A26DBA6D1}.Debug|iPhoneSimulator.ActiveCfg = Debug|iPhoneSimulator
		{C7748E9F-C69F-494A-AFFE-5B6A26DBA6D1}.Debug|iPhoneSimulator.Build.0 = Debug|iPhoneSimulator
		{C7748E9F-C69F-494A-AFFE-5B6A26DBA6D1}.Debug|x86.ActiveCfg = Debug|iPhone
		{C7748E9F-C69F-494A-AFFE-5B6A26DBA6D1}.Release|Any CPU.ActiveCfg = Release|iPhone
		{C7748E9F-C69F-494A-AFFE-5B6A26DBA6D1}.Release|ARM.ActiveCfg = Release|iPhone
		{C7748E9F-C69F-494A-AFFE-5B6A26DBA6D1}.Release|iPhone.ActiveCfg = Release|iPhone
		{C7748E9F-C69F-494A-AFFE-5B6A26DBA6D1}.Release|iPhone.Build.0 = Release|iPhone
		{C7748E9F-C69F-494A-AFFE-5B6A26DBA6D1}.Release|iPhoneSimulator.ActiveCfg = Release|iPhoneSimulator
		{C7748E9F-C69F-494A-AFFE-5B6A26DBA6D1}.Release|iPhoneSimulator.Build.0 = Release|iPhoneSimulator
		{C7748E9F-C69F-494A-AFFE-5B6A26DBA6D1}.Release|x86.ActiveCfg = Release|iPhone
		{44F6CCAD-7D65-4261-B93B-4F23B4F03168}.Ad-Hoc|Any CPU.ActiveCfg = Release|Any CPU
		{44F6CCAD-7D65-4261-B93B-4F23B4F03168}.Ad-Hoc|Any CPU.Build.0 = Release|Any CPU
		{44F6CCAD-7D65-4261-B93B-4F23B4F03168}.Ad-Hoc|Any CPU.Deploy.0 = Release|Any CPU
		{44F6CCAD-7D65-4261-B93B-4F23B4F03168}.Ad-Hoc|ARM.ActiveCfg = Release|Any CPU
		{44F6CCAD-7D65-4261-B93B-4F23B4F03168}.Ad-Hoc|ARM.Build.0 = Release|Any CPU
		{44F6CCAD-7D65-4261-B93B-4F23B4F03168}.Ad-Hoc|ARM.Deploy.0 = Release|Any CPU
		{44F6CCAD-7D65-4261-B93B-4F23B4F03168}.Ad-Hoc|iPhone.ActiveCfg = Release|Any CPU
		{44F6CCAD-7D65-4261-B93B-4F23B4F03168}.Ad-Hoc|iPhone.Build.0 = Release|Any CPU
		{44F6CCAD-7D65-4261-B93B-4F23B4F03168}.Ad-Hoc|iPhone.Deploy.0 = Release|Any CPU
		{44F6CCAD-7D65-4261-B93B-4F23B4F03168}.Ad-Hoc|iPhoneSimulator.ActiveCfg = Release|Any CPU
		{44F6CCAD-7D65-4261-B93B-4F23B4F03168}.Ad-Hoc|iPhoneSimulator.Build.0 = Release|Any CPU
		{44F6CCAD-7D65-4261-B93B-4F23B4F03168}.Ad-Hoc|iPhoneSimulator.Deploy.0 = Release|Any CPU
		{44F6CCAD-7D65-4261-B93B-4F23B4F03168}.Ad-Hoc|x86.ActiveCfg = Release|Any CPU
		{44F6CCAD-7D65-4261-B93B-4F23B4F03168}.Ad-Hoc|x86.Build.0 = Release|Any CPU
		{44F6CCAD-7D65-4261-B93B-4F23B4F03168}.Ad-Hoc|x86.Deploy.0 = Release|Any CPU
		{44F6CCAD-7D65-4261-B93B-4F23B4F03168}.AppStore|Any CPU.ActiveCfg = Release|Any CPU
		{44F6CCAD-7D65-4261-B93B-4F23B4F03168}.AppStore|Any CPU.Build.0 = Release|Any CPU
		{44F6CCAD-7D65-4261-B93B-4F23B4F03168}.AppStore|Any CPU.Deploy.0 = Release|Any CPU
		{44F6CCAD-7D65-4261-B93B-4F23B4F03168}.AppStore|ARM.ActiveCfg = Release|Any CPU
		{44F6CCAD-7D65-4261-B93B-4F23B4F03168}.AppStore|ARM.Build.0 = Release|Any CPU
		{44F6CCAD-7D65-4261-B93B-4F23B4F03168}.AppStore|ARM.Deploy.0 = Release|Any CPU
		{44F6CCAD-7D65-4261-B93B-4F23B4F03168}.AppStore|iPhone.ActiveCfg = Release|Any CPU
		{44F6CCAD-7D65-4261-B93B-4F23B4F03168}.AppStore|iPhone.Build.0 = Release|Any CPU
		{44F6CCAD-7D65-4261-B93B-4F23B4F03168}.AppStore|iPhone.Deploy.0 = Release|Any CPU
		{44F6CCAD-7D65-4261-B93B-4F23B4F03168}.AppStore|iPhoneSimulator.ActiveCfg = Release|Any CPU
		{44F6CCAD-7D65-4261-B93B-4F23B4F03168}.AppStore|iPhoneSimulator.Build.0 = Release|Any CPU
		{44F6CCAD-7D65-4261-B93B-4F23B4F03168}.AppStore|iPhoneSimulator.Deploy.0 = Release|Any CPU
		{44F6CCAD-7D65-4261-B93B-4F23B4F03168}.AppStore|x86.ActiveCfg = Release|Any CPU
		{44F6CCAD-7D65-4261-B93B-4F23B4F03168}.AppStore|x86.Build.0 = Release|Any CPU
		{44F6CCAD-7D65-4261-B93B-4F23B4F03168}.AppStore|x86.Deploy.0 = Release|Any CPU
		{44F6CCAD-7D65-4261-B93B-4F23B4F03168}.Debug|Any CPU.ActiveCfg = Debug|Any CPU
		{44F6CCAD-7D65-4261-B93B-4F23B4F03168}.Debug|Any CPU.Build.0 = Debug|Any CPU
		{44F6CCAD-7D65-4261-B93B-4F23B4F03168}.Debug|Any CPU.Deploy.0 = Debug|Any CPU
		{44F6CCAD-7D65-4261-B93B-4F23B4F03168}.Debug|ARM.ActiveCfg = Debug|Any CPU
		{44F6CCAD-7D65-4261-B93B-4F23B4F03168}.Debug|ARM.Build.0 = Debug|Any CPU
		{44F6CCAD-7D65-4261-B93B-4F23B4F03168}.Debug|ARM.Deploy.0 = Debug|Any CPU
		{44F6CCAD-7D65-4261-B93B-4F23B4F03168}.Debug|iPhone.ActiveCfg = Debug|Any CPU
		{44F6CCAD-7D65-4261-B93B-4F23B4F03168}.Debug|iPhone.Build.0 = Debug|Any CPU
		{44F6CCAD-7D65-4261-B93B-4F23B4F03168}.Debug|iPhone.Deploy.0 = Debug|Any CPU
		{44F6CCAD-7D65-4261-B93B-4F23B4F03168}.Debug|iPhoneSimulator.ActiveCfg = Debug|Any CPU
		{44F6CCAD-7D65-4261-B93B-4F23B4F03168}.Debug|iPhoneSimulator.Build.0 = Debug|Any CPU
		{44F6CCAD-7D65-4261-B93B-4F23B4F03168}.Debug|iPhoneSimulator.Deploy.0 = Debug|Any CPU
		{44F6CCAD-7D65-4261-B93B-4F23B4F03168}.Debug|x86.ActiveCfg = Debug|Any CPU
		{44F6CCAD-7D65-4261-B93B-4F23B4F03168}.Debug|x86.Build.0 = Debug|Any CPU
		{44F6CCAD-7D65-4261-B93B-4F23B4F03168}.Debug|x86.Deploy.0 = Debug|Any CPU
		{44F6CCAD-7D65-4261-B93B-4F23B4F03168}.Release|Any CPU.ActiveCfg = Release|Any CPU
		{44F6CCAD-7D65-4261-B93B-4F23B4F03168}.Release|Any CPU.Build.0 = Release|Any CPU
		{44F6CCAD-7D65-4261-B93B-4F23B4F03168}.Release|Any CPU.Deploy.0 = Release|Any CPU
		{44F6CCAD-7D65-4261-B93B-4F23B4F03168}.Release|ARM.ActiveCfg = Release|Any CPU
		{44F6CCAD-7D65-4261-B93B-4F23B4F03168}.Release|ARM.Build.0 = Release|Any CPU
		{44F6CCAD-7D65-4261-B93B-4F23B4F03168}.Release|ARM.Deploy.0 = Release|Any CPU
		{44F6CCAD-7D65-4261-B93B-4F23B4F03168}.Release|iPhone.ActiveCfg = Release|Any CPU
		{44F6CCAD-7D65-4261-B93B-4F23B4F03168}.Release|iPhone.Build.0 = Release|Any CPU
		{44F6CCAD-7D65-4261-B93B-4F23B4F03168}.Release|iPhone.Deploy.0 = Release|Any CPU
		{44F6CCAD-7D65-4261-B93B-4F23B4F03168}.Release|iPhoneSimulator.ActiveCfg = Release|Any CPU
		{44F6CCAD-7D65-4261-B93B-4F23B4F03168}.Release|iPhoneSimulator.Build.0 = Release|Any CPU
		{44F6CCAD-7D65-4261-B93B-4F23B4F03168}.Release|iPhoneSimulator.Deploy.0 = Release|Any CPU
		{44F6CCAD-7D65-4261-B93B-4F23B4F03168}.Release|x86.ActiveCfg = Release|Any CPU
		{44F6CCAD-7D65-4261-B93B-4F23B4F03168}.Release|x86.Build.0 = Release|Any CPU
		{44F6CCAD-7D65-4261-B93B-4F23B4F03168}.Release|x86.Deploy.0 = Release|Any CPU
		{24A44FE1-0357-4545-ADD9-A2962509FFBB}.Ad-Hoc|Any CPU.ActiveCfg = Release|Any CPU
		{24A44FE1-0357-4545-ADD9-A2962509FFBB}.Ad-Hoc|Any CPU.Build.0 = Release|Any CPU
		{24A44FE1-0357-4545-ADD9-A2962509FFBB}.Ad-Hoc|Any CPU.Deploy.0 = Release|Any CPU
		{24A44FE1-0357-4545-ADD9-A2962509FFBB}.Ad-Hoc|ARM.ActiveCfg = Release|ARM
		{24A44FE1-0357-4545-ADD9-A2962509FFBB}.Ad-Hoc|ARM.Build.0 = Release|ARM
		{24A44FE1-0357-4545-ADD9-A2962509FFBB}.Ad-Hoc|ARM.Deploy.0 = Release|ARM
		{24A44FE1-0357-4545-ADD9-A2962509FFBB}.Ad-Hoc|iPhone.ActiveCfg = Release|Any CPU
		{24A44FE1-0357-4545-ADD9-A2962509FFBB}.Ad-Hoc|iPhone.Build.0 = Release|Any CPU
		{24A44FE1-0357-4545-ADD9-A2962509FFBB}.Ad-Hoc|iPhone.Deploy.0 = Release|Any CPU
		{24A44FE1-0357-4545-ADD9-A2962509FFBB}.Ad-Hoc|iPhoneSimulator.ActiveCfg = Release|Any CPU
		{24A44FE1-0357-4545-ADD9-A2962509FFBB}.Ad-Hoc|iPhoneSimulator.Build.0 = Release|Any CPU
		{24A44FE1-0357-4545-ADD9-A2962509FFBB}.Ad-Hoc|iPhoneSimulator.Deploy.0 = Release|Any CPU
		{24A44FE1-0357-4545-ADD9-A2962509FFBB}.Ad-Hoc|x86.ActiveCfg = Release|x86
		{24A44FE1-0357-4545-ADD9-A2962509FFBB}.Ad-Hoc|x86.Build.0 = Release|x86
		{24A44FE1-0357-4545-ADD9-A2962509FFBB}.Ad-Hoc|x86.Deploy.0 = Release|x86
		{24A44FE1-0357-4545-ADD9-A2962509FFBB}.AppStore|Any CPU.ActiveCfg = Release|Any CPU
		{24A44FE1-0357-4545-ADD9-A2962509FFBB}.AppStore|Any CPU.Build.0 = Release|Any CPU
		{24A44FE1-0357-4545-ADD9-A2962509FFBB}.AppStore|Any CPU.Deploy.0 = Release|Any CPU
		{24A44FE1-0357-4545-ADD9-A2962509FFBB}.AppStore|ARM.ActiveCfg = Release|ARM
		{24A44FE1-0357-4545-ADD9-A2962509FFBB}.AppStore|ARM.Build.0 = Release|ARM
		{24A44FE1-0357-4545-ADD9-A2962509FFBB}.AppStore|ARM.Deploy.0 = Release|ARM
		{24A44FE1-0357-4545-ADD9-A2962509FFBB}.AppStore|iPhone.ActiveCfg = Release|Any CPU
		{24A44FE1-0357-4545-ADD9-A2962509FFBB}.AppStore|iPhone.Build.0 = Release|Any CPU
		{24A44FE1-0357-4545-ADD9-A2962509FFBB}.AppStore|iPhone.Deploy.0 = Release|Any CPU
		{24A44FE1-0357-4545-ADD9-A2962509FFBB}.AppStore|iPhoneSimulator.ActiveCfg = Release|Any CPU
		{24A44FE1-0357-4545-ADD9-A2962509FFBB}.AppStore|iPhoneSimulator.Build.0 = Release|Any CPU
		{24A44FE1-0357-4545-ADD9-A2962509FFBB}.AppStore|iPhoneSimulator.Deploy.0 = Release|Any CPU
		{24A44FE1-0357-4545-ADD9-A2962509FFBB}.AppStore|x86.ActiveCfg = Release|x86
		{24A44FE1-0357-4545-ADD9-A2962509FFBB}.AppStore|x86.Build.0 = Release|x86
		{24A44FE1-0357-4545-ADD9-A2962509FFBB}.AppStore|x86.Deploy.0 = Release|x86
		{24A44FE1-0357-4545-ADD9-A2962509FFBB}.Debug|Any CPU.ActiveCfg = Debug|Any CPU
		{24A44FE1-0357-4545-ADD9-A2962509FFBB}.Debug|Any CPU.Build.0 = Debug|Any CPU
		{24A44FE1-0357-4545-ADD9-A2962509FFBB}.Debug|Any CPU.Deploy.0 = Debug|Any CPU
		{24A44FE1-0357-4545-ADD9-A2962509FFBB}.Debug|ARM.ActiveCfg = Debug|ARM
		{24A44FE1-0357-4545-ADD9-A2962509FFBB}.Debug|ARM.Build.0 = Debug|ARM
		{24A44FE1-0357-4545-ADD9-A2962509FFBB}.Debug|ARM.Deploy.0 = Debug|ARM
		{24A44FE1-0357-4545-ADD9-A2962509FFBB}.Debug|iPhone.ActiveCfg = Debug|Any CPU
		{24A44FE1-0357-4545-ADD9-A2962509FFBB}.Debug|iPhone.Build.0 = Debug|Any CPU
		{24A44FE1-0357-4545-ADD9-A2962509FFBB}.Debug|iPhone.Deploy.0 = Debug|Any CPU
		{24A44FE1-0357-4545-ADD9-A2962509FFBB}.Debug|iPhoneSimulator.ActiveCfg = Debug|Any CPU
		{24A44FE1-0357-4545-ADD9-A2962509FFBB}.Debug|iPhoneSimulator.Build.0 = Debug|Any CPU
		{24A44FE1-0357-4545-ADD9-A2962509FFBB}.Debug|iPhoneSimulator.Deploy.0 = Debug|Any CPU
		{24A44FE1-0357-4545-ADD9-A2962509FFBB}.Debug|x86.ActiveCfg = Debug|x86
		{24A44FE1-0357-4545-ADD9-A2962509FFBB}.Debug|x86.Build.0 = Debug|x86
		{24A44FE1-0357-4545-ADD9-A2962509FFBB}.Debug|x86.Deploy.0 = Debug|x86
		{24A44FE1-0357-4545-ADD9-A2962509FFBB}.Release|Any CPU.ActiveCfg = Release|Any CPU
		{24A44FE1-0357-4545-ADD9-A2962509FFBB}.Release|Any CPU.Build.0 = Release|Any CPU
		{24A44FE1-0357-4545-ADD9-A2962509FFBB}.Release|Any CPU.Deploy.0 = Release|Any CPU
		{24A44FE1-0357-4545-ADD9-A2962509FFBB}.Release|ARM.ActiveCfg = Release|ARM
		{24A44FE1-0357-4545-ADD9-A2962509FFBB}.Release|ARM.Build.0 = Release|ARM
		{24A44FE1-0357-4545-ADD9-A2962509FFBB}.Release|ARM.Deploy.0 = Release|ARM
		{24A44FE1-0357-4545-ADD9-A2962509FFBB}.Release|iPhone.ActiveCfg = Release|Any CPU
		{24A44FE1-0357-4545-ADD9-A2962509FFBB}.Release|iPhone.Build.0 = Release|Any CPU
		{24A44FE1-0357-4545-ADD9-A2962509FFBB}.Release|iPhone.Deploy.0 = Release|Any CPU
		{24A44FE1-0357-4545-ADD9-A2962509FFBB}.Release|iPhoneSimulator.ActiveCfg = Release|Any CPU
		{24A44FE1-0357-4545-ADD9-A2962509FFBB}.Release|iPhoneSimulator.Build.0 = Release|Any CPU
		{24A44FE1-0357-4545-ADD9-A2962509FFBB}.Release|iPhoneSimulator.Deploy.0 = Release|Any CPU
		{24A44FE1-0357-4545-ADD9-A2962509FFBB}.Release|x86.ActiveCfg = Release|x86
		{24A44FE1-0357-4545-ADD9-A2962509FFBB}.Release|x86.Build.0 = Release|x86
		{24A44FE1-0357-4545-ADD9-A2962509FFBB}.Release|x86.Deploy.0 = Release|x86
	EndGlobalSection
	GlobalSection(SolutionProperties) = preSolution
		HideSolutionNode = FALSE
	EndGlobalSection
EndGlobal
